
Microsoft Visual Studio Solution File, Format Version 12.00
# Visual Studio Version 17
VisualStudioVersion = 17.0.31912.275
MinimumVisualStudioVersion = 10.0.40219.1
Project("{9A19103F-16F7-4668-BE54-9A1E7A4F7556}") = "HW_14_AsyncLoadOfBigFilesInMemory", "HW_14_AsyncLoadOfBigFilesInMemory\HW_14_AsyncLoadOfBigFilesInMemory.csproj", "{995F0E41-BCF6-4E6F-BBD5-552BBCFC19FB}"
EndProject
Project("{FAE04EC0-301F-11D3-BF4B-00C04F79EFBC}") = "HW_14_Constants", "HW_14_Constants\HW_14_Constants.csproj", "{B18D781C-309D-496D-A32B-EEC6AFF89937}"
EndProject
Global
	GlobalSection(SolutionConfigurationPlatforms) = preSolution
		Debug|Any CPU = Debug|Any CPU
		Release|Any CPU = Release|Any CPU
	EndGlobalSection
	GlobalSection(ProjectConfigurationPlatforms) = postSolution
		{995F0E41-BCF6-4E6F-BBD5-552BBCFC19FB}.Debug|Any CPU.ActiveCfg = Debug|Any CPU
		{995F0E41-BCF6-4E6F-BBD5-552BBCFC19FB}.Debug|Any CPU.Build.0 = Debug|Any CPU
		{995F0E41-BCF6-4E6F-BBD5-552BBCFC19FB}.Release|Any CPU.ActiveCfg = Release|Any CPU
		{995F0E41-BCF6-4E6F-BBD5-552BBCFC19FB}.Release|Any CPU.Build.0 = Release|Any CPU
		{B18D781C-309D-496D-A32B-EEC6AFF89937}.Debug|Any CPU.ActiveCfg = Debug|Any CPU
		{B18D781C-309D-496D-A32B-EEC6AFF89937}.Debug|Any CPU.Build.0 = Debug|Any CPU
		{B18D781C-309D-496D-A32B-EEC6AFF89937}.Release|Any CPU.ActiveCfg = Release|Any CPU
		{B18D781C-309D-496D-A32B-EEC6AFF89937}.Release|Any CPU.Build.0 = Release|Any CPU
	EndGlobalSection
	GlobalSection(SolutionProperties) = preSolution
		HideSolutionNode = FALSE
	EndGlobalSection
	GlobalSection(ExtensibilityGlobals) = postSolution
		SolutionGuid = {1ED5CEC3-425E-4766-A52C-0EA038D3EA62}
	EndGlobalSection
EndGlobal
